# @generated by Move, please check-in and do not edit manually.

[move]
version = 3
manifest_digest = "1361676CED6F3C329680A3F56E99D603BA85D404ED6084C01D0B87530A38F478"
deps_digest = "F8BBB0CCB2491CA29A3DF03D6F92277A4F3574266507ACD77214D37ECA3F3082"
dependencies = [
  { id = "Sui", name = "Sui" },
]

[[move.package]]
id = "MoveStdlib"
source = { git = "https://github.com/MystenLabs/sui.git", rev = "mainnet", subdir = "crates\\sui-framework\\packages\\move-stdlib" }

[[move.package]]
id = "Sui"
source = { git = "https://github.com/MystenLabs/sui.git", rev = "mainnet", subdir = "crates/sui-framework/packages/sui-framework" }

dependencies = [
  { id = "MoveStdlib", name = "MoveStdlib" },
]

[move.toolchain-version]
compiler-version = "1.61.2"
edition = "2024.beta"
flavor = "sui"

[env]

[env.testnet]
chain-id = "4c78adac"
original-published-id = "0x04bae214b109d39a7486fed6153c0f92ab4bff240266ef0d351c9cbb266f8083"
latest-published-id = "0x04bae214b109d39a7486fed6153c0f92ab4bff240266ef0d351c9cbb266f8083"
published-version = "1"
